// !$*UTF8*$!
{
	archiveVersion = 1;
	classes = {
	};
	objectVersion = 46;
	objects = {
		974606717AE472C5EB899B35 = {
			isa = PBXBuildFile;
			fileRef = 38EB303DB762106EC12C51BF;
		};
		12115FD0341BFE19D0FC93AB = {
			isa = PBXBuildFile;
			fileRef = 0014FAE4BF0368954FE535B3;
		};
		EE26CB0A40953539211F34F7 = {
			isa = PBXBuildFile;
			fileRef = 87CA5266019018732AAFD14B;
		};
		30918BCC08C14EB18C5E32CA = {
			isa = PBXBuildFile;
			fileRef = 6AB88E8DFA424A0DC4747698;
		};
		AC741FB06B8BE1B3F5274832 = {
			isa = PBXBuildFile;
			fileRef = 6B96824F1A9D6B04490C933B;
		};
		C76F299068B5B23C9081B21A = {
			isa = PBXBuildFile;
			fileRef = 225505132EED00D61C5A6050;
		};
		8DB819B8653891FDE817A868 = {
			isa = PBXBuildFile;
			fileRef = 108C477EE53566B0E8986827;
		};
		6059FA2CB5B0AC97DB2D5836 = {
			isa = PBXBuildFile;
			fileRef = B80D5CB2B6ACB40F9C3B254C;
		};
		3D43F7A4563319FDCC5CA070 = {
			isa = PBXBuildFile;
			fileRef = E47D14E20A9E109663DE8574;
		};
		1352F88358B9213675F48DE0 = {
			isa = PBXBuildFile;
			fileRef = 39937BDFE15E693F68617A9E;
		};
		C842A914E0BA47A39F9CBF03 = {
			isa = PBXBuildFile;
			fileRef = 9F418FFD4686948ED360640C;
		};
		41933608A35B9F0E22C66A7E = {
			isa = PBXBuildFile;
			fileRef = 3A547886D1663A53FA40FDCF;
		};
		D7958E1A3AB7FD72106DBA5B = {
			isa = PBXBuildFile;
			fileRef = FCA09203B6C27F9581E186E1;
		};
		91DDEC78B61B7E597BD5EB2F = {
			isa = PBXBuildFile;
			fileRef = 5696EDEA1AD50CF2F32062C5;
		};
		F6BEE076ADABAF5F577C20EA = {
			isa = PBXBuildFile;
			fileRef = D342B40E3711F178B246A62F;
		};
		FA0C3F13FAD060ADA5AF5B34 = {
			isa = PBXBuildFile;
			fileRef = D29D122C2B300201AC0AE87B;
		};
		521AC0617B8E9FCD48059CE8 = {
			isa = PBXBuildFile;
			fileRef = 284D21AA3EBABF057885E98F;
		};
		75F5925A1DB2F9525B406F93 = {
			isa = PBXBuildFile;
			fileRef = FBDA84CE37C82FB9EC8455EE;
		};
		36A6A7959A98C7557C88C926 = {
			isa = PBXBuildFile;
			fileRef = 29D1220B403DBB28ECE8A67E;
		};
		EABE2D2BD39CD97983E2DB3B = {
			isa = PBXBuildFile;
			fileRef = 26C970CBEEC383174CEBB48A;
		};
		9961618BA2329912DDE12515 = {
			isa = PBXBuildFile;
			fileRef = 1B8849ACF06F775A6405E3FB;
		};
		2BE6636AD33DCC32DB8E6850 = {
			isa = PBXBuildFile;
			fileRef = D514F97BF57EC2D03A114B51;
		};
		C4979DD86263B7D3ECB307DC = {
			isa = PBXBuildFile;
			fileRef = 1D8589CA179B36EA2A938AE2;
		};
		E25F9B85474A97C336FF9B0B = {
			isa = PBXBuildFile;
			fileRef = CF20E69C52565BFF286F6741;
		};
		4F1CCF47CFBCEAEAAA12B577 = {
			isa = PBXBuildFile;
			fileRef = 72AC785619D0B76815323B0D;
		};
		C9880EB7286F533ECEA1417E = {
			isa = PBXBuildFile;
			fileRef = 8BC054C9DA4C567016A06409;
		};
		E87961935FABD722BC10A338 = {
			isa = PBXBuildFile;
			fileRef = D95797996070A0362D489CD2;
		};
		A5AC4A9E1B3658B773808FAB = {
			isa = PBXBuildFile;
			fileRef = 0B90E0E406A7E498C19AC968;
		};
		F8693EB105C3E1057A2F5E48 = {
			isa = PBXBuildFile;
			fileRef = 609524634C579D806701D112;
		};
		1AE650C2122889EB04DBDB91 = {
			isa = PBXBuildFile;
			fileRef = B97E74C731E43B0357E97AB9;
		};
		EE0584335BF089E27C356184 = {
			isa = PBXBuildFile;
			fileRef = E4AFF0B50D06C3212F5A5935;
		};
		7C5E7390B36F3812A40E2A80 = {
			isa = PBXBuildFile;
			fileRef = 1F633A00BB399CC04BFB4A94;
		};
		EB1A036715FC356A2F68FE26 = {
			isa = PBXBuildFile;
			fileRef = 13D90308430E76DED203D8C9;
		};
		231ECAD6C8346F42EABABB2E = {
			isa = PBXBuildFile;
			fileRef = FB18E8CA2966EFD438131F1A;
		};
		9D96CB72675CC14231C277EB = {
			isa = PBXBuildFile;
			fileRef = DB0F6ADB14014CFC0B2455F2;
		};
		63BD1A14AFD36CBCA61331F6 = {
			isa = PBXBuildFile;
			fileRef = 2991CC58243B0E896E472BF5;
		};
		D6ECC3E031BC7AEC2678FE38 = {
			isa = PBXBuildFile;
			fileRef = C75A0A093415A23824AC26F6;
		};
		9D3E7A960EDA00A15E74BD7B = {
			isa = PBXBuildFile;
			fileRef = 3B4A026F25C975B8B646D247;
		};
		2A8730CFBE71FBDCF61507B7 = {
			isa = PBXBuildFile;
			fileRef = C60F58615577CB19335985E7;
		};
		56DA0B1C57E35A9BF942563F = {
			isa = PBXBuildFile;
			fileRef = 131DABDD86D7DC14F524B2FA;
		};
		5B850DF038C5D417597EA9F8 = {
			isa = PBXBuildFile;
			fileRef = 70CF01D4BCC0BC1BED19F4B3;
		};
		0D5A8B1A2AA5EB056427D8DF = {
			isa = PBXBuildFile;
			fileRef = 9DF2CA28D07863C9B0B73761;
		};
		38EB303DB762106EC12C51BF = {
			isa = PBXFileReference;
			explicitFileType = wrapper.cfbundle;
			includeInIndex = 0;
			path = SynthTester.vst3;
			sourceTree = "BUILT_PRODUCTS_DIR";
		};
		0014FAE4BF0368954FE535B3 = {
			isa = PBXFileReference;
			explicitFileType = wrapper.cfbundle;
			includeInIndex = 0;
			path = SynthTester.component;
			sourceTree = "BUILT_PRODUCTS_DIR";
		};
		0B90E0E406A7E498C19AC968 = {
			isa = PBXFileReference;
			lastKnownFileType = sourcecode.cpp.objcpp;
			name = "include_juce_audio_plugin_client_AU_2.mm";
			path = "../../JuceLibraryCode/include_juce_audio_plugin_client_AU_2.mm";
			sourceTree = "SOURCE_ROOT";
		};
		0C9098DEDF7E2E18A4167B08 = {
			isa = PBXFileReference;
			lastKnownFileType = text.plist.xml;
			name = "Info-AU.plist";
			path = "Info-AU.plist";
			sourceTree = "SOURCE_ROOT";
		};
		108C477EE53566B0E8986827 = {
			isa = PBXFileReference;
			lastKnownFileType = wrapper.framework;
			name = AudioToolbox.framework;
			path = System/Library/Frameworks/AudioToolbox.framework;
			sourceTree = SDKROOT;
		};
		131DABDD86D7DC14F524B2FA = {
			isa = PBXFileReference;
			lastKnownFileType = sourcecode.cpp.objcpp;
			name = "include_juce_gui_basics.mm";
			path = "../../JuceLibraryCode/include_juce_gui_basics.mm";
			sourceTree = "SOURCE_ROOT";
		};
		13D90308430E76DED203D8C9 = {
			isa = PBXFileReference;
			lastKnownFileType = sourcecode.cpp.objcpp;
			name = "include_juce_audio_processors.mm";
			path = "../../JuceLibraryCode/include_juce_audio_processors.mm";
			sourceTree = "SOURCE_ROOT";
		};
		1B8849ACF06F775A6405E3FB = {
			isa = PBXFileReference;
			lastKnownFileType = sourcecode.cpp.cpp;
			name = Oscillator.cpp;
			path = ../../Source/Oscillator.cpp;
			sourceTree = "SOURCE_ROOT";
		};
		1D8589CA179B36EA2A938AE2 = {
			isa = PBXFileReference;
			lastKnownFileType = sourcecode.cpp.objcpp;
			name = "include_juce_audio_basics.mm";
			path = "../../JuceLibraryCode/include_juce_audio_basics.mm";
			sourceTree = "SOURCE_ROOT";
		};
		1F633A00BB399CC04BFB4A94 = {
			isa = PBXFileReference;
			lastKnownFileType = sourcecode.cpp.cpp;
			name = "include_juce_audio_plugin_client_VST3.cpp";
			path = "../../JuceLibraryCode/include_juce_audio_plugin_client_VST3.cpp";
			sourceTree = "SOURCE_ROOT";
		};
		2025250DB250D5E81F34E2E9 = {
			isa = PBXFileReference;
			lastKnownFileType = file;
			name = "juce_audio_basics";
			path = "/Applications/JUCE/modules/juce_audio_basics";
			sourceTree = "<absolute>";
		};
		225505132EED00D61C5A6050 = {
			isa = PBXFileReference;
			lastKnownFileType = wrapper.framework;
			name = Accelerate.framework;
			path = System/Library/Frameworks/Accelerate.framework;
			sourceTree = SDKROOT;
		};
		26C970CBEEC383174CEBB48A = {
			isa = PBXFileReference;
			lastKnownFileType = sourcecode.cpp.cpp;
			name = PluginEditor.cpp;
			path = ../../Source/PluginEditor.cpp;
			sourceTree = "SOURCE_ROOT";
		};
		27497119248EEE3AC758BC50 = {
			isa = PBXFileReference;
			lastKnownFileType = file;
			name = "juce_audio_devices";
			path = "/Applications/JUCE/modules/juce_audio_devices";
			sourceTree = "<absolute>";
		};
		284D21AA3EBABF057885E98F = {
			isa = PBXFileReference;
			lastKnownFileType = wrapper.framework;
			name = WebKit.framework;
			path = System/Library/Frameworks/WebKit.framework;
			sourceTree = SDKROOT;
		};
		2991CC58243B0E896E472BF5 = {
			isa = PBXFileReference;
			lastKnownFileType = sourcecode.cpp.objcpp;
			name = "include_juce_cryptography.mm";
			path = "../../JuceLibraryCode/include_juce_cryptography.mm";
			sourceTree = "SOURCE_ROOT";
		};
		29D1220B403DBB28ECE8A67E = {
			isa = PBXFileReference;
			lastKnownFileType = sourcecode.cpp.cpp;
			name = PluginProcessor.cpp;
			path = ../../Source/PluginProcessor.cpp;
			sourceTree = "SOURCE_ROOT";
		};
		2E95529F916E3F8E74F5CE39 = {
			isa = PBXFileReference;
			lastKnownFileType = file;
			name = "juce_gui_basics";
			path = "/Applications/JUCE/modules/juce_gui_basics";
			sourceTree = "<absolute>";
		};
		315A71E9D19CAC8B1F8260BE = {
			isa = PBXFileReference;
			lastKnownFileType = file;
			name = "juce_events";
			path = "/Applications/JUCE/modules/juce_events";
			sourceTree = "<absolute>";
		};
		39937BDFE15E693F68617A9E = {
			isa = PBXFileReference;
			lastKnownFileType = wrapper.framework;
			name = CoreAudio.framework;
			path = System/Library/Frameworks/CoreAudio.framework;
			sourceTree = SDKROOT;
		};
		3A547886D1663A53FA40FDCF = {
			isa = PBXFileReference;
			lastKnownFileType = wrapper.framework;
			name = CoreMIDI.framework;
			path = System/Library/Frameworks/CoreMIDI.framework;
			sourceTree = SDKROOT;
		};
		3ACE9493EDEA346CB943D794 = {
			isa = PBXFileReference;
			lastKnownFileType = text.plist.xml;
			name = "Info-VST3.plist";
			path = "Info-VST3.plist";
			sourceTree = "SOURCE_ROOT";
		};
		3B4A026F25C975B8B646D247 = {
			isa = PBXFileReference;
			lastKnownFileType = sourcecode.cpp.objcpp;
			name = "include_juce_events.mm";
			path = "../../JuceLibraryCode/include_juce_events.mm";
			sourceTree = "SOURCE_ROOT";
		};
		4AFCEABB2F73C56B21E3796D = {
			isa = PBXFileReference;
			lastKnownFileType = file;
			name = "juce_audio_formats";
			path = "/Applications/JUCE/modules/juce_audio_formats";
			sourceTree = "<absolute>";
		};
		4C254E8E458286DB4D7BF141 = {
			isa = PBXFileReference;
			lastKnownFileType = file;
			name = "juce_gui_extra";
			path = "/Applications/JUCE/modules/juce_gui_extra";
			sourceTree = "<absolute>";
		};
		5696EDEA1AD50CF2F32062C5 = {
			isa = PBXFileReference;
			lastKnownFileType = wrapper.framework;
			name = IOKit.framework;
			path = System/Library/Frameworks/IOKit.framework;
			sourceTree = SDKROOT;
		};
		609524634C579D806701D112 = {
			isa = PBXFileReference;
			lastKnownFileType = sourcecode.cpp.cpp;
			name = "include_juce_audio_plugin_client_Standalone.cpp";
			path = "../../JuceLibraryCode/include_juce_audio_plugin_client_Standalone.cpp";
			sourceTree = "SOURCE_ROOT";
		};
		6B361A0C6E3AC51535AC4BFC = {
			isa = PBXFileReference;
			lastKnownFileType = sourcecode.c.h;
			name = JuceHeader.h;
			path = ../../JuceLibraryCode/JuceHeader.h;
			sourceTree = "SOURCE_ROOT";
		};
		6B4A6DB8A0D8D9E22CC0BA5B = {
			isa = PBXFileReference;
			lastKnownFileType = file;
			name = "juce_data_structures";
			path = "/Applications/JUCE/modules/juce_data_structures";
			sourceTree = "<absolute>";
		};
		6B96824F1A9D6B04490C933B = {
			isa = PBXFileReference;
			lastKnownFileType = wrapper.framework;
			name = AudioUnit.framework;
			path = System/Library/Frameworks/AudioUnit.framework;
			sourceTree = SDKROOT;
		};
		70849F5D2FF232A838B0E396 = {
			isa = PBXFileReference;
			lastKnownFileType = sourcecode.c.h;
			name = AppConfig.h;
			path = ../../JuceLibraryCode/AppConfig.h;
			sourceTree = "SOURCE_ROOT";
		};
		70CF01D4BCC0BC1BED19F4B3 = {
			isa = PBXFileReference;
			lastKnownFileType = sourcecode.cpp.objcpp;
			name = "include_juce_gui_extra.mm";
			path = "../../JuceLibraryCode/include_juce_gui_extra.mm";
			sourceTree = "SOURCE_ROOT";
		};
		72AC785619D0B76815323B0D = {
			isa = PBXFileReference;
			lastKnownFileType = sourcecode.cpp.objcpp;
			name = "include_juce_audio_formats.mm";
			path = "../../JuceLibraryCode/include_juce_audio_formats.mm";
			sourceTree = "SOURCE_ROOT";
		};
		7A87974E20686EA79E554494 = {
			isa = PBXFileReference;
			lastKnownFileType = file;
			name = "juce_core";
			path = "/Applications/JUCE/modules/juce_core";
			sourceTree = "<absolute>";
		};
		7E35C5A8D09CF237DC36E3C4 = {
			isa = PBXFileReference;
			lastKnownFileType = file;
			name = "juce_audio_utils";
			path = "/Applications/JUCE/modules/juce_audio_utils";
			sourceTree = "<absolute>";
		};
		87CA5266019018732AAFD14B = {
			isa = PBXFileReference;
			explicitFileType = wrapper.application;
			includeInIndex = 0;
			path = SynthTester.app;
			sourceTree = "BUILT_PRODUCTS_DIR";
		};
		6AB88E8DFA424A0DC4747698 = {
			isa = PBXFileReference;
			explicitFileType = archive.ar;
			includeInIndex = 0;
			path = libSynthTester.a;
			sourceTree = "BUILT_PRODUCTS_DIR";
		};
		8BC054C9DA4C567016A06409 = {
			isa = PBXFileReference;
			lastKnownFileType = file.r;
			name = "include_juce_audio_plugin_client_AU.r";
			path = "../../JuceLibraryCode/include_juce_audio_plugin_client_AU.r";
			sourceTree = "SOURCE_ROOT";
		};
		8D9548FF375E0CDB74A7F76D = {
			isa = PBXFileReference;
			lastKnownFileType = file;
			name = "juce_opengl";
			path = "/Applications/JUCE/modules/juce_opengl";
			sourceTree = "<absolute>";
		};
		987E587A19613B5D424968CC = {
			isa = PBXFileReference;
			lastKnownFileType = sourcecode.c.h;
			name = PluginProcessor.h;
			path = ../../Source/PluginProcessor.h;
			sourceTree = "SOURCE_ROOT";
		};
		9DF2CA28D07863C9B0B73761 = {
			isa = PBXFileReference;
			lastKnownFileType = sourcecode.cpp.objcpp;
			name = "include_juce_opengl.mm";
			path = "../../JuceLibraryCode/include_juce_opengl.mm";
			sourceTree = "SOURCE_ROOT";
		};
		9F418FFD4686948ED360640C = {
			isa = PBXFileReference;
			lastKnownFileType = wrapper.framework;
			name = CoreAudioKit.framework;
			path = System/Library/Frameworks/CoreAudioKit.framework;
			sourceTree = SDKROOT;
		};
		A0CB1C07210901E3B7040772 = {
			isa = PBXFileReference;
			lastKnownFileType = file;
			name = "juce_graphics";
			path = "/Applications/JUCE/modules/juce_graphics";
			sourceTree = "<absolute>";
		};
		A58BEADD41E980F04E86606A = {
			isa = PBXFileReference;
			lastKnownFileType = file;
			name = "juce_audio_processors";
			path = "/Applications/JUCE/modules/juce_audio_processors";
			sourceTree = "<absolute>";
		};
		ADCE2B875E15904A1B0B69F4 = {
			isa = PBXFileReference;
			lastKnownFileType = sourcecode.c.h;
			name = PluginEditor.h;
			path = ../../Source/PluginEditor.h;
			sourceTree = "SOURCE_ROOT";
		};
		B80D5CB2B6ACB40F9C3B254C = {
			isa = PBXFileReference;
			lastKnownFileType = wrapper.framework;
			name = Carbon.framework;
			path = System/Library/Frameworks/Carbon.framework;
			sourceTree = SDKROOT;
		};
		B97E74C731E43B0357E97AB9 = {
			isa = PBXFileReference;
			lastKnownFileType = sourcecode.cpp.cpp;
			name = "include_juce_audio_plugin_client_utils.cpp";
			path = "../../JuceLibraryCode/include_juce_audio_plugin_client_utils.cpp";
			sourceTree = "SOURCE_ROOT";
		};
		BB5E53AD4E84C7842E7FBA7A = {
			isa = PBXFileReference;
			lastKnownFileType = sourcecode.c.h;
			name = MyFirstSynth.h;
			path = ../../Source/MyFirstSynth.h;
			sourceTree = "SOURCE_ROOT";
		};
		C377D7088AD0F232EC51C18F = {
			isa = PBXFileReference;
			lastKnownFileType = file;
			name = "juce_cryptography";
			path = "/Applications/JUCE/modules/juce_cryptography";
			sourceTree = "<absolute>";
		};
		C60F58615577CB19335985E7 = {
			isa = PBXFileReference;
			lastKnownFileType = sourcecode.cpp.objcpp;
			name = "include_juce_graphics.mm";
			path = "../../JuceLibraryCode/include_juce_graphics.mm";
			sourceTree = "SOURCE_ROOT";
		};
		C75A0A093415A23824AC26F6 = {
			isa = PBXFileReference;
			lastKnownFileType = sourcecode.cpp.objcpp;
			name = "include_juce_data_structures.mm";
			path = "../../JuceLibraryCode/include_juce_data_structures.mm";
			sourceTree = "SOURCE_ROOT";
		};
		CF20E69C52565BFF286F6741 = {
			isa = PBXFileReference;
			lastKnownFileType = sourcecode.cpp.objcpp;
			name = "include_juce_audio_devices.mm";
			path = "../../JuceLibraryCode/include_juce_audio_devices.mm";
			sourceTree = "SOURCE_ROOT";
		};
		D29D122C2B300201AC0AE87B = {
			isa = PBXFileReference;
			lastKnownFileType = wrapper.framework;
			name = QuartzCore.framework;
			path = System/Library/Frameworks/QuartzCore.framework;
			sourceTree = SDKROOT;
		};
		D342B40E3711F178B246A62F = {
			isa = PBXFileReference;
			lastKnownFileType = wrapper.framework;
			name = OpenGL.framework;
			path = System/Library/Frameworks/OpenGL.framework;
			sourceTree = SDKROOT;
		};
		D514F97BF57EC2D03A114B51 = {
			isa = PBXFileReference;
			lastKnownFileType = sourcecode.cpp.cpp;
			name = SmoothChanger.cpp;
			path = ../../Source/SmoothChanger.cpp;
			sourceTree = "SOURCE_ROOT";
		};
		D95797996070A0362D489CD2 = {
			isa = PBXFileReference;
			lastKnownFileType = sourcecode.cpp.objcpp;
			name = "include_juce_audio_plugin_client_AU_1.mm";
			path = "../../JuceLibraryCode/include_juce_audio_plugin_client_AU_1.mm";
			sourceTree = "SOURCE_ROOT";
		};
		DB0F6ADB14014CFC0B2455F2 = {
			isa = PBXFileReference;
			lastKnownFileType = sourcecode.cpp.objcpp;
			name = "include_juce_core.mm";
			path = "../../JuceLibraryCode/include_juce_core.mm";
			sourceTree = "SOURCE_ROOT";
		};
		E2FF8DE1C5EE63D9E14566A6 = {
			isa = PBXFileReference;
			lastKnownFileType = sourcecode.c.h;
			name = SmoothChanger.h;
			path = ../../Source/SmoothChanger.h;
			sourceTree = "SOURCE_ROOT";
		};
		E47D14E20A9E109663DE8574 = {
			isa = PBXFileReference;
			lastKnownFileType = wrapper.framework;
			name = Cocoa.framework;
			path = System/Library/Frameworks/Cocoa.framework;
			sourceTree = SDKROOT;
		};
		E4AFF0B50D06C3212F5A5935 = {
			isa = PBXFileReference;
			lastKnownFileType = sourcecode.cpp.objcpp;
			name = "include_juce_audio_plugin_client_VST_utils.mm";
			path = "../../JuceLibraryCode/include_juce_audio_plugin_client_VST_utils.mm";
			sourceTree = "SOURCE_ROOT";
		};
		E6007BA5DDFF1FE3AA2524FF = {
			isa = PBXFileReference;
			lastKnownFileType = text.plist.xml;
			name = "Info-Standalone_Plugin.plist";
			path = "Info-Standalone_Plugin.plist";
			sourceTree = "SOURCE_ROOT";
		};
		F095274F6237C34FC94777C7 = {
			isa = PBXFileReference;
			lastKnownFileType = file;
			name = "juce_audio_plugin_client";
			path = "/Applications/JUCE/modules/juce_audio_plugin_client";
			sourceTree = "<absolute>";
		};
		FB18E8CA2966EFD438131F1A = {
			isa = PBXFileReference;
			lastKnownFileType = sourcecode.cpp.objcpp;
			name = "include_juce_audio_utils.mm";
			path = "../../JuceLibraryCode/include_juce_audio_utils.mm";
			sourceTree = "SOURCE_ROOT";
		};
		FBDA84CE37C82FB9EC8455EE = {
			isa = PBXFileReference;
			lastKnownFileType = file.nib;
			name = RecentFilesMenuTemplate.nib;
			path = RecentFilesMenuTemplate.nib;
			sourceTree = "SOURCE_ROOT";
		};
		FC14777D7D6F448AE340B19C = {
			isa = PBXFileReference;
			lastKnownFileType = sourcecode.c.h;
			name = Oscillator.h;
			path = ../../Source/Oscillator.h;
			sourceTree = "SOURCE_ROOT";
		};
		FCA09203B6C27F9581E186E1 = {
			isa = PBXFileReference;
			lastKnownFileType = wrapper.framework;
			name = DiscRecording.framework;
			path = System/Library/Frameworks/DiscRecording.framework;
			sourceTree = SDKROOT;
		};
		3ADAEE09BE6CC91C19255A28 = {
			isa = PBXGroup;
			children = (
				29D1220B403DBB28ECE8A67E,
				987E587A19613B5D424968CC,
				26C970CBEEC383174CEBB48A,
				ADCE2B875E15904A1B0B69F4,
				BB5E53AD4E84C7842E7FBA7A,
				1B8849ACF06F775A6405E3FB,
				FC14777D7D6F448AE340B19C,
				D514F97BF57EC2D03A114B51,
				E2FF8DE1C5EE63D9E14566A6,
			);
			name = Source;
			sourceTree = "<group>";
		};
		F1F6977024601AA39779C351 = {
			isa = PBXGroup;
			children = (
				3ADAEE09BE6CC91C19255A28,
			);
			name = SynthTester;
			sourceTree = "<group>";
		};
		1F502D27DE2042A8061D06E1 = {
			isa = PBXGroup;
			children = (
				2025250DB250D5E81F34E2E9,
				27497119248EEE3AC758BC50,
				4AFCEABB2F73C56B21E3796D,
				F095274F6237C34FC94777C7,
				A58BEADD41E980F04E86606A,
				7E35C5A8D09CF237DC36E3C4,
				7A87974E20686EA79E554494,
				C377D7088AD0F232EC51C18F,
				6B4A6DB8A0D8D9E22CC0BA5B,
				315A71E9D19CAC8B1F8260BE,
				A0CB1C07210901E3B7040772,
				2E95529F916E3F8E74F5CE39,
				4C254E8E458286DB4D7BF141,
				8D9548FF375E0CDB74A7F76D,
			);
			name = "JUCE Modules";
			sourceTree = "<group>";
		};
		A6D2CAFDF05679E65EB81906 = {
			isa = PBXGroup;
			children = (
				70849F5D2FF232A838B0E396,
				1D8589CA179B36EA2A938AE2,
				CF20E69C52565BFF286F6741,
				72AC785619D0B76815323B0D,
				8BC054C9DA4C567016A06409,
				D95797996070A0362D489CD2,
				0B90E0E406A7E498C19AC968,
				609524634C579D806701D112,
				B97E74C731E43B0357E97AB9,
				E4AFF0B50D06C3212F5A5935,
				1F633A00BB399CC04BFB4A94,
				13D90308430E76DED203D8C9,
				FB18E8CA2966EFD438131F1A,
				DB0F6ADB14014CFC0B2455F2,
				2991CC58243B0E896E472BF5,
				C75A0A093415A23824AC26F6,
				3B4A026F25C975B8B646D247,
				C60F58615577CB19335985E7,
				131DABDD86D7DC14F524B2FA,
				70CF01D4BCC0BC1BED19F4B3,
				9DF2CA28D07863C9B0B73761,
				6B361A0C6E3AC51535AC4BFC,
			);
			name = "JUCE Library Code";
			sourceTree = "<group>";
		};
		EF9109362135577B26003F2D = {
			isa = PBXGroup;
			children = (
				3ACE9493EDEA346CB943D794,
				0C9098DEDF7E2E18A4167B08,
				E6007BA5DDFF1FE3AA2524FF,
				FBDA84CE37C82FB9EC8455EE,
			);
			name = Resources;
			sourceTree = "<group>";
		};
		DC19CE53510512E79BD91992 = {
			isa = PBXGroup;
			children = (
				6B96824F1A9D6B04490C933B,
				225505132EED00D61C5A6050,
				108C477EE53566B0E8986827,
				B80D5CB2B6ACB40F9C3B254C,
				E47D14E20A9E109663DE8574,
				39937BDFE15E693F68617A9E,
				9F418FFD4686948ED360640C,
				3A547886D1663A53FA40FDCF,
				FCA09203B6C27F9581E186E1,
				5696EDEA1AD50CF2F32062C5,
				D342B40E3711F178B246A62F,
				D29D122C2B300201AC0AE87B,
				284D21AA3EBABF057885E98F,
			);
			name = Frameworks;
			sourceTree = "<group>";
		};
		B8334CC156F5A9C6B91ACF4D = {
			isa = PBXGroup;
			children = (
				38EB303DB762106EC12C51BF,
				0014FAE4BF0368954FE535B3,
				87CA5266019018732AAFD14B,
				6AB88E8DFA424A0DC4747698,
			);
			name = Products;
			sourceTree = "<group>";
		};
		BF6833DC889638B5BDF6D1A3 = {
			isa = PBXGroup;
			children = (
				F1F6977024601AA39779C351,
				1F502D27DE2042A8061D06E1,
				A6D2CAFDF05679E65EB81906,
				EF9109362135577B26003F2D,
				DC19CE53510512E79BD91992,
				B8334CC156F5A9C6B91ACF4D,
			);
			name = Source;
			sourceTree = "<group>";
		};
		06AE2A253AFE8A84CF1F4CE8 = {
			isa = XCBuildConfiguration;
			buildSettings = {
				MACOSX_DEPLOYMENT_TARGET = 10.11;
				SDKROOT = macosx;
			};
			name = Debug;
		};
		CE27AD507A6B59CF543F44A9 = {
			isa = XCBuildConfiguration;
			buildSettings = {
				MACOSX_DEPLOYMENT_TARGET = 10.11;
				SDKROOT = macosx;
			};
			name = Release;
		};
		FBC8D0BEDE6B7F3EF5DFE2B7 = {
			isa = XCBuildConfiguration;
			buildSettings = {
				CLANG_CXX_LANGUAGE_STANDARD = "c++14";
				CLANG_CXX_LIBRARY = "libc++";
				CLANG_LINK_OBJC_RUNTIME = NO;
				CODE_SIGN_IDENTITY = "";
				COMBINE_HIDPI_IMAGES = YES;
				CONFIGURATION_BUILD_DIR = "$(PROJECT_DIR)/build/$(CONFIGURATION)";
				COPY_PHASE_STRIP = NO;
				DEPLOYMENT_LOCATION = YES;
				DSTROOT = /;
				GCC_DYNAMIC_NO_PIC = NO;
				GCC_OPTIMIZATION_LEVEL = 0;
				GCC_PREPROCESSOR_DEFINITIONS = (
					"_DEBUG=1",
					"DEBUG=1",
					"JUCER_XCODE_MAC_F6D2F4CF=1",
					"JUCE_APP_VERSION=1.0.0",
					"JUCE_APP_VERSION_HEX=0x10000",
					"JucePlugin_Build_VST=0",
					"JucePlugin_Build_VST3=1",
					"JucePlugin_Build_AU=0",
					"JucePlugin_Build_AUv3=0",
					"JucePlugin_Build_RTAS=0",
					"JucePlugin_Build_AAX=0",
					"JucePlugin_Build_Standalone=0",
					"JucePlugin_Build_Unity=0",
				);
				GCC_VERSION = com.apple.compilers.llvm.clang.1_0;
				GENERATE_PKGINFO_FILE = YES;
				HEADER_SEARCH_PATHS = (
					"/Users/josephcresswell/Documents/Development/VST_SDK/VST3_SDK",
					"../../JuceLibraryCode",
					"/Applications/JUCE/modules",
					"/Applications/JUCE/modules/juce_audio_plugin_client",
					"$(inherited)",
				);
				INFOPLIST_FILE = Info-VST3.plist;
				INFOPLIST_PREPROCESS = NO;
				INSTALL_PATH = "$(HOME)/Library/Audio/Plug-Ins/VST3/";
				LIBRARY_STYLE = Bundle;
				MACOSX_DEPLOYMENT_TARGET = 10.11;
				OTHER_LDFLAGS = "-bundle -lSynthTester";
				PRODUCT_BUNDLE_IDENTIFIER = com.yourcompany.SynthTester;
				PRODUCT_NAME = "SynthTester";
				USE_HEADERMAP = NO;
				WRAPPER_EXTENSION = vst3;
			};
			name = Debug;
		};
		900AD41A76B1DE4F1875ADDF = {
			isa = XCBuildConfiguration;
			buildSettings = {
				CLANG_CXX_LANGUAGE_STANDARD = "c++14";
				CLANG_CXX_LIBRARY = "libc++";
				CLANG_LINK_OBJC_RUNTIME = NO;
				CODE_SIGN_IDENTITY = "";
				COMBINE_HIDPI_IMAGES = YES;
				CONFIGURATION_BUILD_DIR = "$(PROJECT_DIR)/build/$(CONFIGURATION)";
				DEAD_CODE_STRIPPING = YES;
				DEPLOYMENT_LOCATION = YES;
				DSTROOT = /;
				GCC_GENERATE_DEBUGGING_SYMBOLS = NO;
				GCC_OPTIMIZATION_LEVEL = 3;
				GCC_PREPROCESSOR_DEFINITIONS = (
					"_NDEBUG=1",
					"NDEBUG=1",
					"JUCER_XCODE_MAC_F6D2F4CF=1",
					"JUCE_APP_VERSION=1.0.0",
					"JUCE_APP_VERSION_HEX=0x10000",
					"JucePlugin_Build_VST=0",
					"JucePlugin_Build_VST3=1",
					"JucePlugin_Build_AU=0",
					"JucePlugin_Build_AUv3=0",
					"JucePlugin_Build_RTAS=0",
					"JucePlugin_Build_AAX=0",
					"JucePlugin_Build_Standalone=0",
					"JucePlugin_Build_Unity=0",
				);
				GCC_SYMBOLS_PRIVATE_EXTERN = YES;
				GCC_VERSION = com.apple.compilers.llvm.clang.1_0;
				GENERATE_PKGINFO_FILE = YES;
				HEADER_SEARCH_PATHS = (
					"/Users/josephcresswell/Documents/Development/VST_SDK/VST3_SDK",
					"../../JuceLibraryCode",
					"/Applications/JUCE/modules",
					"/Applications/JUCE/modules/juce_audio_plugin_client",
					"$(inherited)",
				);
				INFOPLIST_FILE = Info-VST3.plist;
				INFOPLIST_PREPROCESS = NO;
				INSTALL_PATH = "$(HOME)/Library/Audio/Plug-Ins/VST3/";
				LIBRARY_STYLE = Bundle;
				LLVM_LTO = YES;
				MACOSX_DEPLOYMENT_TARGET = 10.11;
				OTHER_LDFLAGS = "-bundle -lSynthTester";
				PRODUCT_BUNDLE_IDENTIFIER = com.yourcompany.SynthTester;
				PRODUCT_NAME = "SynthTester";
				USE_HEADERMAP = NO;
				WRAPPER_EXTENSION = vst3;
			};
			name = Release;
		};
		CDA1D99A00913C9EA68A1CFF = {
			isa = XCBuildConfiguration;
			buildSettings = {
				CLANG_CXX_LANGUAGE_STANDARD = "c++14";
				CLANG_CXX_LIBRARY = "libc++";
				CLANG_LINK_OBJC_RUNTIME = NO;
				CODE_SIGN_IDENTITY = "";
				COMBINE_HIDPI_IMAGES = YES;
				CONFIGURATION_BUILD_DIR = "$(PROJECT_DIR)/build/$(CONFIGURATION)";
				COPY_PHASE_STRIP = NO;
				DEPLOYMENT_LOCATION = YES;
				DSTROOT = /;
				GCC_DYNAMIC_NO_PIC = NO;
				GCC_OPTIMIZATION_LEVEL = 0;
				GCC_PREPROCESSOR_DEFINITIONS = (
					"_DEBUG=1",
					"DEBUG=1",
					"JUCER_XCODE_MAC_F6D2F4CF=1",
					"JUCE_APP_VERSION=1.0.0",
					"JUCE_APP_VERSION_HEX=0x10000",
					"JucePlugin_Build_VST=0",
					"JucePlugin_Build_VST3=0",
					"JucePlugin_Build_AU=1",
					"JucePlugin_Build_AUv3=0",
					"JucePlugin_Build_RTAS=0",
					"JucePlugin_Build_AAX=0",
					"JucePlugin_Build_Standalone=0",
					"JucePlugin_Build_Unity=0",
				);
				GCC_VERSION = com.apple.compilers.llvm.clang.1_0;
				GENERATE_PKGINFO_FILE = YES;
				HEADER_SEARCH_PATHS = (
					"/Users/josephcresswell/Documents/Development/VST_SDK/VST3_SDK",
					"../../JuceLibraryCode",
					"/Applications/JUCE/modules",
					"/Applications/JUCE/modules/juce_audio_plugin_client",
					"$(inherited)",
				);
				INFOPLIST_FILE = Info-AU.plist;
				INFOPLIST_PREPROCESS = NO;
				INSTALL_PATH = "$(HOME)/Library/Audio/Plug-Ins/Components/";
				LIBRARY_STYLE = Bundle;
				MACOSX_DEPLOYMENT_TARGET = 10.11;
				OTHER_LDFLAGS = "-bundle -lSynthTester";
				OTHER_REZFLAGS = "-d ppc_$ppc -d i386_$i386 -d ppc64_$ppc64 -d x86_64_$x86_64 -I /System/Library/Frameworks/CoreServices.framework/Frameworks/CarbonCore.framework/Versions/A/Headers -I \"$(DEVELOPER_DIR)/Extras/CoreAudio/AudioUnits/AUPublic/AUBase\" -I \"$(DEVELOPER_DIR)/Platforms/MacOSX.platform/Developer/SDKs/MacOSX.sdk/System/Library/Frameworks/AudioUnit.framework/Headers\"";
				PRODUCT_BUNDLE_IDENTIFIER = com.yourcompany.SynthTester;
				PRODUCT_NAME = "SynthTester";
				USE_HEADERMAP = NO;
				WRAPPER_EXTENSION = component;
			};
			name = Debug;
		};
		0302732333F20E3CA8F9AA61 = {
			isa = XCBuildConfiguration;
			buildSettings = {
				CLANG_CXX_LANGUAGE_STANDARD = "c++14";
				CLANG_CXX_LIBRARY = "libc++";
				CLANG_LINK_OBJC_RUNTIME = NO;
				CODE_SIGN_IDENTITY = "";
				COMBINE_HIDPI_IMAGES = YES;
				CONFIGURATION_BUILD_DIR = "$(PROJECT_DIR)/build/$(CONFIGURATION)";
				DEAD_CODE_STRIPPING = YES;
				DEPLOYMENT_LOCATION = YES;
				DSTROOT = /;
				GCC_GENERATE_DEBUGGING_SYMBOLS = NO;
				GCC_OPTIMIZATION_LEVEL = 3;
				GCC_PREPROCESSOR_DEFINITIONS = (
					"_NDEBUG=1",
					"NDEBUG=1",
					"JUCER_XCODE_MAC_F6D2F4CF=1",
					"JUCE_APP_VERSION=1.0.0",
					"JUCE_APP_VERSION_HEX=0x10000",
					"JucePlugin_Build_VST=0",
					"JucePlugin_Build_VST3=0",
					"JucePlugin_Build_AU=1",
					"JucePlugin_Build_AUv3=0",
					"JucePlugin_Build_RTAS=0",
					"JucePlugin_Build_AAX=0",
					"JucePlugin_Build_Standalone=0",
					"JucePlugin_Build_Unity=0",
				);
				GCC_SYMBOLS_PRIVATE_EXTERN = YES;
				GCC_VERSION = com.apple.compilers.llvm.clang.1_0;
				GENERATE_PKGINFO_FILE = YES;
				HEADER_SEARCH_PATHS = (
					"/Users/josephcresswell/Documents/Development/VST_SDK/VST3_SDK",
					"../../JuceLibraryCode",
					"/Applications/JUCE/modules",
					"/Applications/JUCE/modules/juce_audio_plugin_client",
					"$(inherited)",
				);
				INFOPLIST_FILE = Info-AU.plist;
				INFOPLIST_PREPROCESS = NO;
				INSTALL_PATH = "$(HOME)/Library/Audio/Plug-Ins/Components/";
				LIBRARY_STYLE = Bundle;
				LLVM_LTO = YES;
				MACOSX_DEPLOYMENT_TARGET = 10.11;
				OTHER_LDFLAGS = "-bundle -lSynthTester";
				OTHER_REZFLAGS = "-d ppc_$ppc -d i386_$i386 -d ppc64_$ppc64 -d x86_64_$x86_64 -I /System/Library/Frameworks/CoreServices.framework/Frameworks/CarbonCore.framework/Versions/A/Headers -I \"$(DEVELOPER_DIR)/Extras/CoreAudio/AudioUnits/AUPublic/AUBase\" -I \"$(DEVELOPER_DIR)/Platforms/MacOSX.platform/Developer/SDKs/MacOSX.sdk/System/Library/Frameworks/AudioUnit.framework/Headers\"";
				PRODUCT_BUNDLE_IDENTIFIER = com.yourcompany.SynthTester;
				PRODUCT_NAME = "SynthTester";
				USE_HEADERMAP = NO;
				WRAPPER_EXTENSION = component;
			};
			name = Release;
		};
		F2D0794C14795F5C88B71A30 = {
			isa = XCBuildConfiguration;
			buildSettings = {
				CLANG_CXX_LANGUAGE_STANDARD = "c++14";
				CLANG_CXX_LIBRARY = "libc++";
				CLANG_LINK_OBJC_RUNTIME = NO;
				CODE_SIGN_IDENTITY = "";
				COMBINE_HIDPI_IMAGES = YES;
				CONFIGURATION_BUILD_DIR = "$(PROJECT_DIR)/build/$(CONFIGURATION)";
				COPY_PHASE_STRIP = NO;
				GCC_DYNAMIC_NO_PIC = NO;
				GCC_OPTIMIZATION_LEVEL = 0;
				GCC_PREPROCESSOR_DEFINITIONS = (
					"_DEBUG=1",
					"DEBUG=1",
					"JUCER_XCODE_MAC_F6D2F4CF=1",
					"JUCE_APP_VERSION=1.0.0",
					"JUCE_APP_VERSION_HEX=0x10000",
					"JucePlugin_Build_VST=0",
					"JucePlugin_Build_VST3=0",
					"JucePlugin_Build_AU=0",
					"JucePlugin_Build_AUv3=0",
					"JucePlugin_Build_RTAS=0",
					"JucePlugin_Build_AAX=0",
					"JucePlugin_Build_Standalone=1",
					"JucePlugin_Build_Unity=0",
				);
				GCC_VERSION = com.apple.compilers.llvm.clang.1_0;
				HEADER_SEARCH_PATHS = (
					"/Users/josephcresswell/Documents/Development/VST_SDK/VST3_SDK",
					"../../JuceLibraryCode",
					"/Applications/JUCE/modules",
					"/Applications/JUCE/modules/juce_audio_plugin_client",
					"$(inherited)",
				);
				INFOPLIST_FILE = Info-Standalone_Plugin.plist;
				INFOPLIST_PREPROCESS = NO;
				MACOSX_DEPLOYMENT_TARGET = 10.11;
				OTHER_LDFLAGS = "-lSynthTester";
				PRODUCT_BUNDLE_IDENTIFIER = com.yourcompany.SynthTester;
				PRODUCT_NAME = "SynthTester";
				USE_HEADERMAP = NO;
			};
			name = Debug;
		};
		9612175E2626C9C43C02610D = {
			isa = XCBuildConfiguration;
			buildSettings = {
				CLANG_CXX_LANGUAGE_STANDARD = "c++14";
				CLANG_CXX_LIBRARY = "libc++";
				CLANG_LINK_OBJC_RUNTIME = NO;
				CODE_SIGN_IDENTITY = "";
				COMBINE_HIDPI_IMAGES = YES;
				CONFIGURATION_BUILD_DIR = "$(PROJECT_DIR)/build/$(CONFIGURATION)";
				DEAD_CODE_STRIPPING = YES;
				GCC_GENERATE_DEBUGGING_SYMBOLS = NO;
				GCC_OPTIMIZATION_LEVEL = 3;
				GCC_PREPROCESSOR_DEFINITIONS = (
					"_NDEBUG=1",
					"NDEBUG=1",
					"JUCER_XCODE_MAC_F6D2F4CF=1",
					"JUCE_APP_VERSION=1.0.0",
					"JUCE_APP_VERSION_HEX=0x10000",
					"JucePlugin_Build_VST=0",
					"JucePlugin_Build_VST3=0",
					"JucePlugin_Build_AU=0",
					"JucePlugin_Build_AUv3=0",
					"JucePlugin_Build_RTAS=0",
					"JucePlugin_Build_AAX=0",
					"JucePlugin_Build_Standalone=1",
					"JucePlugin_Build_Unity=0",
				);
				GCC_SYMBOLS_PRIVATE_EXTERN = YES;
				GCC_VERSION = com.apple.compilers.llvm.clang.1_0;
				HEADER_SEARCH_PATHS = (
					"/Users/josephcresswell/Documents/Development/VST_SDK/VST3_SDK",
					"../../JuceLibraryCode",
					"/Applications/JUCE/modules",
					"/Applications/JUCE/modules/juce_audio_plugin_client",
					"$(inherited)",
				);
				INFOPLIST_FILE = Info-Standalone_Plugin.plist;
				INFOPLIST_PREPROCESS = NO;
				LLVM_LTO = YES;
				MACOSX_DEPLOYMENT_TARGET = 10.11;
				OTHER_LDFLAGS = "-lSynthTester";
				PRODUCT_BUNDLE_IDENTIFIER = com.yourcompany.SynthTester;
				PRODUCT_NAME = "SynthTester";
				USE_HEADERMAP = NO;
			};
			name = Release;
		};
		BAEADD388444B3E2A1587C5F = {
			isa = XCBuildConfiguration;
			buildSettings = {
				CLANG_CXX_LANGUAGE_STANDARD = "c++14";
				CLANG_CXX_LIBRARY = "libc++";
				CLANG_LINK_OBJC_RUNTIME = NO;
				CODE_SIGN_IDENTITY = "";
				COMBINE_HIDPI_IMAGES = YES;
				CONFIGURATION_BUILD_DIR = "$(PROJECT_DIR)/build/$(CONFIGURATION)";
				COPY_PHASE_STRIP = NO;
				GCC_DYNAMIC_NO_PIC = NO;
				GCC_OPTIMIZATION_LEVEL = 0;
				GCC_PREPROCESSOR_DEFINITIONS = (
					"_DEBUG=1",
					"DEBUG=1",
					"JUCER_XCODE_MAC_F6D2F4CF=1",
					"JUCE_APP_VERSION=1.0.0",
					"JUCE_APP_VERSION_HEX=0x10000",
					"JucePlugin_Build_VST=0",
					"JucePlugin_Build_VST3=1",
					"JucePlugin_Build_AU=1",
					"JucePlugin_Build_AUv3=0",
					"JucePlugin_Build_RTAS=0",
					"JucePlugin_Build_AAX=0",
					"JucePlugin_Build_Standalone=1",
					"JucePlugin_Build_Unity=0",
					"JUCE_SHARED_CODE=1",
				);
				GCC_VERSION = com.apple.compilers.llvm.clang.1_0;
				HEADER_SEARCH_PATHS = (
					"/Users/josephcresswell/Documents/Development/VST_SDK/VST3_SDK",
					"../../JuceLibraryCode",
					"/Applications/JUCE/modules",
					"/Applications/JUCE/modules/juce_audio_plugin_client",
					"$(inherited)",
				);
				INSTALL_PATH = "@executable_path/../Frameworks";
				MACOSX_DEPLOYMENT_TARGET = 10.11;
				PRODUCT_BUNDLE_IDENTIFIER = com.yourcompany.SynthTester;
				PRODUCT_NAME = "SynthTester";
				SKIP_INSTALL = YES;
				USE_HEADERMAP = NO;
			};
			name = Debug;
		};
		7FA0253D2C18C1B29DF00471 = {
			isa = XCBuildConfiguration;
			buildSettings = {
				CLANG_CXX_LANGUAGE_STANDARD = "c++14";
				CLANG_CXX_LIBRARY = "libc++";
				CLANG_LINK_OBJC_RUNTIME = NO;
				CODE_SIGN_IDENTITY = "";
				COMBINE_HIDPI_IMAGES = YES;
				CONFIGURATION_BUILD_DIR = "$(PROJECT_DIR)/build/$(CONFIGURATION)";
				DEAD_CODE_STRIPPING = YES;
				GCC_GENERATE_DEBUGGING_SYMBOLS = NO;
				GCC_OPTIMIZATION_LEVEL = 3;
				GCC_PREPROCESSOR_DEFINITIONS = (
					"_NDEBUG=1",
					"NDEBUG=1",
					"JUCER_XCODE_MAC_F6D2F4CF=1",
					"JUCE_APP_VERSION=1.0.0",
					"JUCE_APP_VERSION_HEX=0x10000",
					"JucePlugin_Build_VST=0",
					"JucePlugin_Build_VST3=1",
					"JucePlugin_Build_AU=1",
					"JucePlugin_Build_AUv3=0",
					"JucePlugin_Build_RTAS=0",
					"JucePlugin_Build_AAX=0",
					"JucePlugin_Build_Standalone=1",
					"JucePlugin_Build_Unity=0",
					"JUCE_SHARED_CODE=1",
				);
				GCC_SYMBOLS_PRIVATE_EXTERN = YES;
				GCC_VERSION = com.apple.compilers.llvm.clang.1_0;
				HEADER_SEARCH_PATHS = (
					"/Users/josephcresswell/Documents/Development/VST_SDK/VST3_SDK",
					"../../JuceLibraryCode",
					"/Applications/JUCE/modules",
					"/Applications/JUCE/modules/juce_audio_plugin_client",
					"$(inherited)",
				);
				INSTALL_PATH = "@executable_path/../Frameworks";
				LLVM_LTO = YES;
				MACOSX_DEPLOYMENT_TARGET = 10.11;
				PRODUCT_BUNDLE_IDENTIFIER = com.yourcompany.SynthTester;
				PRODUCT_NAME = "SynthTester";
				SKIP_INSTALL = YES;
				USE_HEADERMAP = NO;
			};
			name = Release;
		};
		B4013B4356C466B82EDFB22E = {
			isa = XCBuildConfiguration;
			buildSettings = {
				ALWAYS_SEARCH_USER_PATHS = NO;
				CLANG_ENABLE_OBJC_WEAK = YES;
				CLANG_WARN_BLOCK_CAPTURE_AUTORELEASING = YES;
				CLANG_WARN_BOOL_CONVERSION = YES;
				CLANG_WARN_COMMA = YES;
				CLANG_WARN_CONSTANT_CONVERSION = YES;
				CLANG_WARN_DEPRECATED_OBJC_IMPLEMENTATIONS = YES;
				CLANG_WARN_EMPTY_BODY = YES;
				CLANG_WARN_ENUM_CONVERSION = YES;
				CLANG_WARN_INFINITE_RECURSION = YES;
				CLANG_WARN_INT_CONVERSION = YES;
				CLANG_WARN_NON_LITERAL_NULL_CONVERSION = YES;
				CLANG_WARN_OBJC_IMPLICIT_RETAIN_SELF = YES;
				CLANG_WARN_OBJC_LITERAL_CONVERSION = YES;
				CLANG_WARN_RANGE_LOOP_ANALYSIS = YES;
				CLANG_WARN_STRICT_PROTOTYPES = YES;
				CLANG_WARN_SUSPICIOUS_MOVE = YES;
				CLANG_WARN_UNREACHABLE_CODE = YES;
				CLANG_WARN__DUPLICATE_METHOD_MATCH = YES;
				CODE_SIGN_IDENTITY = "";
				DEBUG_INFORMATION_FORMAT = dwarf;
				ENABLE_STRICT_OBJC_MSGSEND = YES;
				ENABLE_TESTABILITY = YES;
				GCC_C_LANGUAGE_STANDARD = c11;
				GCC_INLINES_ARE_PRIVATE_EXTERN = YES;
				GCC_MODEL_TUNING = G5;
				GCC_NO_COMMON_BLOCKS = YES;
				GCC_WARN_64_TO_32_BIT_CONVERSION = YES;
				GCC_WARN_ABOUT_RETURN_TYPE = YES;
				GCC_WARN_CHECK_SWITCH_STATEMENTS = YES;
				GCC_WARN_MISSING_PARENTHESES = YES;
				GCC_WARN_NON_VIRTUAL_DESTRUCTOR = YES;
				GCC_WARN_TYPECHECK_CALLS_TO_PRINTF = YES;
				GCC_WARN_UNDECLARED_SELECTOR = YES;
				GCC_WARN_UNINITIALIZED_AUTOS = YES;
				GCC_WARN_UNUSED_FUNCTION = YES;
				GCC_WARN_UNUSED_VARIABLE = YES;
				ONLY_ACTIVE_ARCH = YES;
				PRODUCT_NAME = "SynthTester";
				SDKROOT = macosx;
				WARNING_CFLAGS = "-Wreorder";
				ZERO_LINK = NO;
			};
			name = Debug;
		};
		F46CF1612C11BD25C092BB4D = {
			isa = XCBuildConfiguration;
			buildSettings = {
				ALWAYS_SEARCH_USER_PATHS = NO;
				CLANG_ENABLE_OBJC_WEAK = YES;
				CLANG_WARN_BLOCK_CAPTURE_AUTORELEASING = YES;
				CLANG_WARN_BOOL_CONVERSION = YES;
				CLANG_WARN_COMMA = YES;
				CLANG_WARN_CONSTANT_CONVERSION = YES;
				CLANG_WARN_DEPRECATED_OBJC_IMPLEMENTATIONS = YES;
				CLANG_WARN_EMPTY_BODY = YES;
				CLANG_WARN_ENUM_CONVERSION = YES;
				CLANG_WARN_INFINITE_RECURSION = YES;
				CLANG_WARN_INT_CONVERSION = YES;
				CLANG_WARN_NON_LITERAL_NULL_CONVERSION = YES;
				CLANG_WARN_OBJC_IMPLICIT_RETAIN_SELF = YES;
				CLANG_WARN_OBJC_LITERAL_CONVERSION = YES;
				CLANG_WARN_RANGE_LOOP_ANALYSIS = YES;
				CLANG_WARN_STRICT_PROTOTYPES = YES;
				CLANG_WARN_SUSPICIOUS_MOVE = YES;
				CLANG_WARN_UNREACHABLE_CODE = YES;
				CLANG_WARN__DUPLICATE_METHOD_MATCH = YES;
				CODE_SIGN_IDENTITY = "";
				DEBUG_INFORMATION_FORMAT = dwarf;
				ENABLE_STRICT_OBJC_MSGSEND = YES;
				GCC_C_LANGUAGE_STANDARD = c11;
				GCC_INLINES_ARE_PRIVATE_EXTERN = YES;
				GCC_MODEL_TUNING = G5;
				GCC_NO_COMMON_BLOCKS = YES;
				GCC_WARN_64_TO_32_BIT_CONVERSION = YES;
				GCC_WARN_ABOUT_RETURN_TYPE = YES;
				GCC_WARN_CHECK_SWITCH_STATEMENTS = YES;
				GCC_WARN_MISSING_PARENTHESES = YES;
				GCC_WARN_NON_VIRTUAL_DESTRUCTOR = YES;
				GCC_WARN_TYPECHECK_CALLS_TO_PRINTF = YES;
				GCC_WARN_UNDECLARED_SELECTOR = YES;
				GCC_WARN_UNINITIALIZED_AUTOS = YES;
				GCC_WARN_UNUSED_FUNCTION = YES;
				GCC_WARN_UNUSED_VARIABLE = YES;
				PRODUCT_NAME = "SynthTester";
				SDKROOT = macosx;
				WARNING_CFLAGS = "-Wreorder";
				ZERO_LINK = NO;
			};
			name = Release;
		};
		52B72502CFACD4EC88F16330 = {
			isa = PBXTargetDependency;
			target = D3D729FB6E56B23A0C52D6FF;
		};
		A7460370C22EB3AA8F4D5013 = {
			isa = PBXTargetDependency;
			target = 30868AB098DAD63219DC19A1;
		};
		EDC2E3EDE35834DA9BB5BD05 = {
			isa = PBXTargetDependency;
			target = 7B706843BDC04B344D64B186;
		};
		AF2671239EBB174C30F7151B = {
			isa = PBXTargetDependency;
			target = 7A9F8EEBAC58359D702E8810;
		};
		B52C99A9505BEDD8B2E06EDC = {
			isa = XCConfigurationList;
			buildConfigurations = (
				B4013B4356C466B82EDFB22E,
				F46CF1612C11BD25C092BB4D,
			);
			defaultConfigurationIsVisible = 0;
			defaultConfigurationName = Debug;
		};
		E14E303F57C6BD6A8F9B4741 = {
			isa = XCConfigurationList;
			buildConfigurations = (
				06AE2A253AFE8A84CF1F4CE8,
				CE27AD507A6B59CF543F44A9,
			);
			defaultConfigurationIsVisible = 0;
			defaultConfigurationName = Debug;
		};
		668BABBB48E79716737A4C8C = {
			isa = PBXAggregateTarget;
			buildConfigurationList = E14E303F57C6BD6A8F9B4741;
			buildPhases = ( );
			buildRules = ( );
			dependencies = (
				52B72502CFACD4EC88F16330,
				A7460370C22EB3AA8F4D5013,
				EDC2E3EDE35834DA9BB5BD05,
				AF2671239EBB174C30F7151B,
			);
			name = "SynthTester - All";
			productName = SynthTester;
		};
		1A9D738235580FEB69883AAF = {
			isa = XCConfigurationList;
			buildConfigurations = (
				FBC8D0BEDE6B7F3EF5DFE2B7,
				900AD41A76B1DE4F1875ADDF,
			);
			defaultConfigurationIsVisible = 0;
			defaultConfigurationName = Debug;
		};
		65DBE2DB7F1F9D5472D92293 = {
			isa = PBXResourcesBuildPhase;
			buildActionMask = 2147483647;
			files = (
				75F5925A1DB2F9525B406F93,
			);
			runOnlyForDeploymentPostprocessing = 0;
		};
		8E003722AEBCA8E0D7C4C0F2 = {
			isa = PBXSourcesBuildPhase;
			buildActionMask = 2147483647;
			files = (
				7C5E7390B36F3812A40E2A80,
			);
			runOnlyForDeploymentPostprocessing = 0;
		};
		1003D322B8ED2A5AF9E4FF66 = {
			isa = PBXFrameworksBuildPhase;
			buildActionMask = 2147483647;
			files = (
				C76F299068B5B23C9081B21A,
				8DB819B8653891FDE817A868,
				6059FA2CB5B0AC97DB2D5836,
				3D43F7A4563319FDCC5CA070,
				1352F88358B9213675F48DE0,
				C842A914E0BA47A39F9CBF03,
				41933608A35B9F0E22C66A7E,
				D7958E1A3AB7FD72106DBA5B,
				91DDEC78B61B7E597BD5EB2F,
				F6BEE076ADABAF5F577C20EA,
				FA0C3F13FAD060ADA5AF5B34,
				521AC0617B8E9FCD48059CE8,
			);
			runOnlyForDeploymentPostprocessing = 0;
		};
		D3D729FB6E56B23A0C52D6FF = {
			isa = PBXNativeTarget;
			buildConfigurationList = 1A9D738235580FEB69883AAF;
			buildPhases = (
				65DBE2DB7F1F9D5472D92293,
				8E003722AEBCA8E0D7C4C0F2,
				1003D322B8ED2A5AF9E4FF66,
			);
			buildRules = ( );
			dependencies = (
				AF2671239EBB174C30F7151B,
			);
			name = "SynthTester - VST3";
			productName = SynthTester;
			productReference = 38EB303DB762106EC12C51BF;
			productType = "com.apple.product-type.bundle";
		};
		FD69B83BD3BF54F977A19000 = {
			isa = XCConfigurationList;
			buildConfigurations = (
				CDA1D99A00913C9EA68A1CFF,
				0302732333F20E3CA8F9AA61,
			);
			defaultConfigurationIsVisible = 0;
			defaultConfigurationName = Debug;
		};
		1C9185EC0FE55EBE4CF14E04 = {
			isa = PBXResourcesBuildPhase;
			buildActionMask = 2147483647;
			files = (
				75F5925A1DB2F9525B406F93,
			);
			runOnlyForDeploymentPostprocessing = 0;
		};
		F4FDB301DA0BEE15E777A6EE = {
			isa = PBXRezBuildPhase;
			buildActionMask = 2147483647;
			files = (
				C9880EB7286F533ECEA1417E,
			);
			runOnlyForDeploymentPostprocessing = 0;
		};
		AE67956AD38BFE58345D406B = {
			isa = PBXSourcesBuildPhase;
			buildActionMask = 2147483647;
			files = (
				E87961935FABD722BC10A338,
				A5AC4A9E1B3658B773808FAB,
			);
			runOnlyForDeploymentPostprocessing = 0;
		};
		F424825F048EF8F03BA51191 = {
			isa = PBXFrameworksBuildPhase;
			buildActionMask = 2147483647;
			files = (
				AC741FB06B8BE1B3F5274832,
				C76F299068B5B23C9081B21A,
				8DB819B8653891FDE817A868,
				6059FA2CB5B0AC97DB2D5836,
				3D43F7A4563319FDCC5CA070,
				1352F88358B9213675F48DE0,
				C842A914E0BA47A39F9CBF03,
				41933608A35B9F0E22C66A7E,
				D7958E1A3AB7FD72106DBA5B,
				91DDEC78B61B7E597BD5EB2F,
				F6BEE076ADABAF5F577C20EA,
				FA0C3F13FAD060ADA5AF5B34,
				521AC0617B8E9FCD48059CE8,
			);
			runOnlyForDeploymentPostprocessing = 0;
		};
		30868AB098DAD63219DC19A1 = {
			isa = PBXNativeTarget;
			buildConfigurationList = FD69B83BD3BF54F977A19000;
			buildPhases = (
				1C9185EC0FE55EBE4CF14E04,
				F4FDB301DA0BEE15E777A6EE,
				AE67956AD38BFE58345D406B,
				F424825F048EF8F03BA51191,
			);
			buildRules = ( );
			dependencies = (
				AF2671239EBB174C30F7151B,
			);
			name = "SynthTester - AU";
			productName = SynthTester;
			productReference = 0014FAE4BF0368954FE535B3;
			productType = "com.apple.product-type.bundle";
		};
		D271DE5FEB24760F503E1156 = {
			isa = XCConfigurationList;
			buildConfigurations = (
				F2D0794C14795F5C88B71A30,
				9612175E2626C9C43C02610D,
			);
			defaultConfigurationIsVisible = 0;
			defaultConfigurationName = Debug;
		};
		7E1C7CE1802C6A92D8262621 = {
			isa = PBXResourcesBuildPhase;
			buildActionMask = 2147483647;
			files = (
				75F5925A1DB2F9525B406F93,
			);
			runOnlyForDeploymentPostprocessing = 0;
		};
		682A7EB0404080D7E2DB817E = {
			isa = PBXSourcesBuildPhase;
			buildActionMask = 2147483647;
			files = (
				F8693EB105C3E1057A2F5E48,
			);
			runOnlyForDeploymentPostprocessing = 0;
		};
		DA1F4A0567A273950DFD4A27 = {
			isa = PBXFrameworksBuildPhase;
			buildActionMask = 2147483647;
			files = (
				C76F299068B5B23C9081B21A,
				8DB819B8653891FDE817A868,
				6059FA2CB5B0AC97DB2D5836,
				3D43F7A4563319FDCC5CA070,
				1352F88358B9213675F48DE0,
				C842A914E0BA47A39F9CBF03,
				41933608A35B9F0E22C66A7E,
				D7958E1A3AB7FD72106DBA5B,
				91DDEC78B61B7E597BD5EB2F,
				F6BEE076ADABAF5F577C20EA,
				FA0C3F13FAD060ADA5AF5B34,
				521AC0617B8E9FCD48059CE8,
			);
			runOnlyForDeploymentPostprocessing = 0;
		};
		7B706843BDC04B344D64B186 = {
			isa = PBXNativeTarget;
			buildConfigurationList = D271DE5FEB24760F503E1156;
			buildPhases = (
				7E1C7CE1802C6A92D8262621,
				682A7EB0404080D7E2DB817E,
				DA1F4A0567A273950DFD4A27,
			);
			buildRules = ( );
			dependencies = (
				AF2671239EBB174C30F7151B,
			);
			name = "SynthTester - Standalone Plugin";
			productName = SynthTester;
			productReference = 87CA5266019018732AAFD14B;
			productType = "com.apple.product-type.application";
		};
		F21F3A8C2574EF608AA18176 = {
			isa = XCConfigurationList;
			buildConfigurations = (
				BAEADD388444B3E2A1587C5F,
				7FA0253D2C18C1B29DF00471,
			);
			defaultConfigurationIsVisible = 0;
			defaultConfigurationName = Debug;
		};
		F4D115D3EE944F8E55EA4BD6 = {
			isa = PBXSourcesBuildPhase;
			buildActionMask = 2147483647;
			files = (
				36A6A7959A98C7557C88C926,
				EABE2D2BD39CD97983E2DB3B,
				9961618BA2329912DDE12515,
				2BE6636AD33DCC32DB8E6850,
				C4979DD86263B7D3ECB307DC,
				E25F9B85474A97C336FF9B0B,
				4F1CCF47CFBCEAEAAA12B577,
				1AE650C2122889EB04DBDB91,
				EE0584335BF089E27C356184,
				EB1A036715FC356A2F68FE26,
				231ECAD6C8346F42EABABB2E,
				9D96CB72675CC14231C277EB,
				63BD1A14AFD36CBCA61331F6,
				D6ECC3E031BC7AEC2678FE38,
				9D3E7A960EDA00A15E74BD7B,
				2A8730CFBE71FBDCF61507B7,
				56DA0B1C57E35A9BF942563F,
				5B850DF038C5D417597EA9F8,
				0D5A8B1A2AA5EB056427D8DF,
			);
			runOnlyForDeploymentPostprocessing = 0;
		};
		7A9F8EEBAC58359D702E8810 = {
			isa = PBXNativeTarget;
			buildConfigurationList = F21F3A8C2574EF608AA18176;
			buildPhases = (
				F4D115D3EE944F8E55EA4BD6,
			);
			buildRules = ( );
			dependencies = ( );
			name = "SynthTester - Shared Code";
			productName = SynthTester;
			productReference = 6AB88E8DFA424A0DC4747698;
			productType = "com.apple.product-type.library.static";
		};
		C23F01F2383B4B793D6BEEDC = {
			isa = PBXProject;
			buildConfigurationList = B52C99A9505BEDD8B2E06EDC;
			attributes = { LastUpgradeCheck = 1100; ORGANIZATIONNAME = ""; TargetAttributes = { 668BABBB48E79716737A4C8C = { SystemCapabilities = {com.apple.ApplicationGroups.iOS = { enabled = 0; }; com.apple.InAppPurchase = { enabled = 0; }; com.apple.InterAppAudio = { enabled = 0; }; com.apple.Push = { enabled = 0; }; com.apple.Sandbox = { enabled = 0; }; com.apple.HardenedRuntime = { enabled = 0; }; }; };D3D729FB6E56B23A0C52D6FF = { SystemCapabilities = {com.apple.ApplicationGroups.iOS = { enabled = 0; }; com.apple.InAppPurchase = { enabled = 0; }; com.apple.InterAppAudio = { enabled = 0; }; com.apple.Push = { enabled = 0; }; com.apple.Sandbox = { enabled = 0; }; com.apple.HardenedRuntime = { enabled = 0; }; }; };30868AB098DAD63219DC19A1 = { SystemCapabilities = {com.apple.ApplicationGroups.iOS = { enabled = 0; }; com.apple.InAppPurchase = { enabled = 0; }; com.apple.InterAppAudio = { enabled = 0; }; com.apple.Push = { enabled = 0; }; com.apple.Sandbox = { enabled = 0; }; com.apple.HardenedRuntime = { enabled = 0; }; }; };7B706843BDC04B344D64B186 = { SystemCapabilities = {com.apple.ApplicationGroups.iOS = { enabled = 0; }; com.apple.InAppPurchase = { enabled = 0; }; com.apple.InterAppAudio = { enabled = 0; }; com.apple.Push = { enabled = 0; }; com.apple.Sandbox = { enabled = 0; }; com.apple.HardenedRuntime = { enabled = 0; }; }; };7A9F8EEBAC58359D702E8810 = { SystemCapabilities = {com.apple.ApplicationGroups.iOS = { enabled = 0; }; com.apple.InAppPurchase = { enabled = 0; }; com.apple.InterAppAudio = { enabled = 0; }; com.apple.Push = { enabled = 0; }; com.apple.Sandbox = { enabled = 0; }; com.apple.HardenedRuntime = { enabled = 0; }; }; }; }; };
			compatibilityVersion = "Xcode 3.2";
			hasScannedForEncodings = 0;
			mainGroup = BF6833DC889638B5BDF6D1A3;
			projectDirPath = "";
			projectRoot = "";
			targets = (668BABBB48E79716737A4C8C, D3D729FB6E56B23A0C52D6FF, 30868AB098DAD63219DC19A1, 7B706843BDC04B344D64B186, 7A9F8EEBAC58359D702E8810);
			knownRegions = (en, Base);
		};
	};
	rootObject = C23F01F2383B4B793D6BEEDC;
}
